
Microsoft Visual Studio Solution File, Format Version 12.00
# Visual Studio Version 16
VisualStudioVersion = 16.0.30804.86
MinimumVisualStudioVersion = 10.0.40219.1
Project("{9A19103F-16F7-4668-BE54-9A1E7A4F7556}") = "Kampintro", "Kampintro\Kampintro.csproj", "{36D2798C-E004-4078-98DB-8FB8BF9A0D2F}"
EndProject
Project("{9A19103F-16F7-4668-BE54-9A1E7A4F7556}") = "Donguler", "Donguler\Donguler.csproj", "{A2841FEF-976F-48CE-998F-0DE3F4B54799}"
EndProject
Project("{9A19103F-16F7-4668-BE54-9A1E7A4F7556}") = "Classintro", "Classintro\Classintro.csproj", "{1440C6D7-4B2A-4A68-8859-537208BE3D83}"
EndProject
Project("{9A19103F-16F7-4668-BE54-9A1E7A4F7556}") = "Metotlar", "Metotlar\Metotlar.csproj", "{C20ABAED-2041-49EA-A554-FDD3D35804BB}"
EndProject
Project("{9A19103F-16F7-4668-BE54-9A1E7A4F7556}") = "Matematik", "Matematik\Matematik.csproj", "{28A31DCA-3EB5-4074-BCF0-6578AB9A2ABE}"
EndProject
Project("{9A19103F-16F7-4668-BE54-9A1E7A4F7556}") = "OOP1", "OOP1\OOP1.csproj", "{5E329C1F-B48D-4930-A90C-E94F2D8773F7}"
EndProject
Project("{9A19103F-16F7-4668-BE54-9A1E7A4F7556}") = "Koleksiyonlar", "Koleksiyonlar\Koleksiyonlar.csproj", "{C71EBEB1-C472-4ACC-A935-A0D959BB282E}"
EndProject
Project("{9A19103F-16F7-4668-BE54-9A1E7A4F7556}") = "GenericsIntro", "GenericsIntro\GenericsIntro.csproj", "{BB8F8F54-677F-408A-B355-0C6B45EFF2A1}"
EndProject
Project("{FAE04EC0-301F-11D3-BF4B-00C04F79EFBC}") = "ClassMetotDemo", "ClassMetotDemo\ClassMetotDemo.csproj", "{8DA9525E-F201-41F7-BEB5-17D154848D6A}"
EndProject
Global
	GlobalSection(SolutionConfigurationPlatforms) = preSolution
		Debug|Any CPU = Debug|Any CPU
		Release|Any CPU = Release|Any CPU
	EndGlobalSection
	GlobalSection(ProjectConfigurationPlatforms) = postSolution
		{36D2798C-E004-4078-98DB-8FB8BF9A0D2F}.Debug|Any CPU.ActiveCfg = Debug|Any CPU
		{36D2798C-E004-4078-98DB-8FB8BF9A0D2F}.Debug|Any CPU.Build.0 = Debug|Any CPU
		{36D2798C-E004-4078-98DB-8FB8BF9A0D2F}.Release|Any CPU.ActiveCfg = Release|Any CPU
		{36D2798C-E004-4078-98DB-8FB8BF9A0D2F}.Release|Any CPU.Build.0 = Release|Any CPU
		{A2841FEF-976F-48CE-998F-0DE3F4B54799}.Debug|Any CPU.ActiveCfg = Debug|Any CPU
		{A2841FEF-976F-48CE-998F-0DE3F4B54799}.Debug|Any CPU.Build.0 = Debug|Any CPU
		{A2841FEF-976F-48CE-998F-0DE3F4B54799}.Release|Any CPU.ActiveCfg = Release|Any CPU
		{A2841FEF-976F-48CE-998F-0DE3F4B54799}.Release|Any CPU.Build.0 = Release|Any CPU
		{1440C6D7-4B2A-4A68-8859-537208BE3D83}.Debug|Any CPU.ActiveCfg = Debug|Any CPU
		{1440C6D7-4B2A-4A68-8859-537208BE3D83}.Debug|Any CPU.Build.0 = Debug|Any CPU
		{1440C6D7-4B2A-4A68-8859-537208BE3D83}.Release|Any CPU.ActiveCfg = Release|Any CPU
		{1440C6D7-4B2A-4A68-8859-537208BE3D83}.Release|Any CPU.Build.0 = Release|Any CPU
		{C20ABAED-2041-49EA-A554-FDD3D35804BB}.Debug|Any CPU.ActiveCfg = Debug|Any CPU
		{C20ABAED-2041-49EA-A554-FDD3D35804BB}.Debug|Any CPU.Build.0 = Debug|Any CPU
		{C20ABAED-2041-49EA-A554-FDD3D35804BB}.Release|Any CPU.ActiveCfg = Release|Any CPU
		{C20ABAED-2041-49EA-A554-FDD3D35804BB}.Release|Any CPU.Build.0 = Release|Any CPU
		{28A31DCA-3EB5-4074-BCF0-6578AB9A2ABE}.Debug|Any CPU.ActiveCfg = Debug|Any CPU
		{28A31DCA-3EB5-4074-BCF0-6578AB9A2ABE}.Debug|Any CPU.Build.0 = Debug|Any CPU
		{28A31DCA-3EB5-4074-BCF0-6578AB9A2ABE}.Release|Any CPU.ActiveCfg = Release|Any CPU
		{28A31DCA-3EB5-4074-BCF0-6578AB9A2ABE}.Release|Any CPU.Build.0 = Release|Any CPU
		{5E329C1F-B48D-4930-A90C-E94F2D8773F7}.Debug|Any CPU.ActiveCfg = Debug|Any CPU
		{5E329C1F-B48D-4930-A90C-E94F2D8773F7}.Debug|Any CPU.Build.0 = Debug|Any CPU
		{5E329C1F-B48D-4930-A90C-E94F2D8773F7}.Release|Any CPU.ActiveCfg = Release|Any CPU
		{5E329C1F-B48D-4930-A90C-E94F2D8773F7}.Release|Any CPU.Build.0 = Release|Any CPU
		{C71EBEB1-C472-4ACC-A935-A0D959BB282E}.Debug|Any CPU.ActiveCfg = Debug|Any CPU
		{C71EBEB1-C472-4ACC-A935-A0D959BB282E}.Debug|Any CPU.Build.0 = Debug|Any CPU
		{C71EBEB1-C472-4ACC-A935-A0D959BB282E}.Release|Any CPU.ActiveCfg = Release|Any CPU
		{C71EBEB1-C472-4ACC-A935-A0D959BB282E}.Release|Any CPU.Build.0 = Release|Any CPU
		{BB8F8F54-677F-408A-B355-0C6B45EFF2A1}.Debug|Any CPU.ActiveCfg = Debug|Any CPU
		{BB8F8F54-677F-408A-B355-0C6B45EFF2A1}.Debug|Any CPU.Build.0 = Debug|Any CPU
		{BB8F8F54-677F-408A-B355-0C6B45EFF2A1}.Release|Any CPU.ActiveCfg = Release|Any CPU
		{BB8F8F54-677F-408A-B355-0C6B45EFF2A1}.Release|Any CPU.Build.0 = Release|Any CPU
		{8DA9525E-F201-41F7-BEB5-17D154848D6A}.Debug|Any CPU.ActiveCfg = Debug|Any CPU
		{8DA9525E-F201-41F7-BEB5-17D154848D6A}.Debug|Any CPU.Build.0 = Debug|Any CPU
		{8DA9525E-F201-41F7-BEB5-17D154848D6A}.Release|Any CPU.ActiveCfg = Release|Any CPU
		{8DA9525E-F201-41F7-BEB5-17D154848D6A}.Release|Any CPU.Build.0 = Release|Any CPU
	EndGlobalSection
	GlobalSection(SolutionProperties) = preSolution
		HideSolutionNode = FALSE
	EndGlobalSection
	GlobalSection(ExtensibilityGlobals) = postSolution
		SolutionGuid = {1E851221-237F-4454-8AA8-ACE6AD07B482}
	EndGlobalSection
EndGlobal
